
Microsoft Visual Studio Solution File, Format Version 12.00
# Visual Studio Version 16
VisualStudioVersion = 16.0.30517.126
MinimumVisualStudioVersion = 10.0.40219.1
Project("{FAE04EC0-301F-11D3-BF4B-00C04F79EFBC}") = "GetAssemblyFromClassTest", "GetAssemblyFromClassTest\GetAssemblyFromClassTest.csproj", "{358A8783-322F-45C1-9D6D-3438BEA9F217}"
EndProject
Project("{FAE04EC0-301F-11D3-BF4B-00C04F79EFBC}") = "TestDll", "TestDll\TestDll.csproj", "{9DA0A6D0-8EA6-44ED-ABD3-7C6D98A1533E}"
EndProject
Project("{FAE04EC0-301F-11D3-BF4B-00C04F79EFBC}") = "TestDllInterface", "TestDllInterface\TestDllInterface.csproj", "{281779F1-EE7C-492C-9192-14AC21509C59}"
EndProject
Global
	GlobalSection(SolutionConfigurationPlatforms) = preSolution
		Debug|Any CPU = Debug|Any CPU
		Release|Any CPU = Release|Any CPU
	EndGlobalSection
	GlobalSection(ProjectConfigurationPlatforms) = postSolution
		{358A8783-322F-45C1-9D6D-3438BEA9F217}.Debug|Any CPU.ActiveCfg = Debug|Any CPU
		{358A8783-322F-45C1-9D6D-3438BEA9F217}.Debug|Any CPU.Build.0 = Debug|Any CPU
		{358A8783-322F-45C1-9D6D-3438BEA9F217}.Release|Any CPU.ActiveCfg = Release|Any CPU
		{358A8783-322F-45C1-9D6D-3438BEA9F217}.Release|Any CPU.Build.0 = Release|Any CPU
		{9DA0A6D0-8EA6-44ED-ABD3-7C6D98A1533E}.Debug|Any CPU.ActiveCfg = Debug|Any CPU
		{9DA0A6D0-8EA6-44ED-ABD3-7C6D98A1533E}.Debug|Any CPU.Build.0 = Debug|Any CPU
		{9DA0A6D0-8EA6-44ED-ABD3-7C6D98A1533E}.Release|Any CPU.ActiveCfg = Release|Any CPU
		{9DA0A6D0-8EA6-44ED-ABD3-7C6D98A1533E}.Release|Any CPU.Build.0 = Release|Any CPU
		{281779F1-EE7C-492C-9192-14AC21509C59}.Debug|Any CPU.ActiveCfg = Debug|Any CPU
		{281779F1-EE7C-492C-9192-14AC21509C59}.Debug|Any CPU.Build.0 = Debug|Any CPU
		{281779F1-EE7C-492C-9192-14AC21509C59}.Release|Any CPU.ActiveCfg = Release|Any CPU
		{281779F1-EE7C-492C-9192-14AC21509C59}.Release|Any CPU.Build.0 = Release|Any CPU
	EndGlobalSection
	GlobalSection(SolutionProperties) = preSolution
		HideSolutionNode = FALSE
	EndGlobalSection
	GlobalSection(ExtensibilityGlobals) = postSolution
		SolutionGuid = {0AD2AAA9-E692-41DE-B8CD-83B95E4D7551}
	EndGlobalSection
EndGlobal
