
Microsoft Visual Studio Solution File, Format Version 12.00
# Visual Studio 15
VisualStudioVersion = 15.0.28307.329
MinimumVisualStudioVersion = 10.0.40219.1
Project("{FAE04EC0-301F-11D3-BF4B-00C04F79EFBC}") = "ListViewTest", "ListViewTest\ListViewTest.csproj", "{45F4D01B-F03A-40A6-A17B-D4CFE903BCDA}"
EndProject
Global
	GlobalSection(SolutionConfigurationPlatforms) = preSolution
		Debug|Any CPU = Debug|Any CPU
		Release|Any CPU = Release|Any CPU
	EndGlobalSection
	GlobalSection(ProjectConfigurationPlatforms) = postSolution
		{45F4D01B-F03A-40A6-A17B-D4CFE903BCDA}.Debug|Any CPU.ActiveCfg = Debug|Any CPU
		{45F4D01B-F03A-40A6-A17B-D4CFE903BCDA}.Debug|Any CPU.Build.0 = Debug|Any CPU
		{45F4D01B-F03A-40A6-A17B-D4CFE903BCDA}.Release|Any CPU.ActiveCfg = Release|Any CPU
		{45F4D01B-F03A-40A6-A17B-D4CFE903BCDA}.Release|Any CPU.Build.0 = Release|Any CPU
	EndGlobalSection
	GlobalSection(SolutionProperties) = preSolution
		HideSolutionNode = FALSE
	EndGlobalSection
	GlobalSection(ExtensibilityGlobals) = postSolution
		SolutionGuid = {29AA8D8C-749A-43F2-8380-A8599185C97A}
	EndGlobalSection
EndGlobal
