
Microsoft Visual Studio Solution File, Format Version 12.00
# Visual Studio 15
VisualStudioVersion = 15.0.27703.2047
MinimumVisualStudioVersion = 10.0.40219.1
Project("{FAE04EC0-301F-11D3-BF4B-00C04F79EFBC}") = "CSharpWithCppDll", "CSharpWithCppDll\CSharpWithCppDll.csproj", "{5FE61F60-E4C2-4857-8145-4E78342625B7}"
EndProject
Global
	GlobalSection(SolutionConfigurationPlatforms) = preSolution
		Debug|Any CPU = Debug|Any CPU
		Release|Any CPU = Release|Any CPU
	EndGlobalSection
	GlobalSection(ProjectConfigurationPlatforms) = postSolution
		{5FE61F60-E4C2-4857-8145-4E78342625B7}.Debug|Any CPU.ActiveCfg = Debug|Any CPU
		{5FE61F60-E4C2-4857-8145-4E78342625B7}.Debug|Any CPU.Build.0 = Debug|Any CPU
		{5FE61F60-E4C2-4857-8145-4E78342625B7}.Release|Any CPU.ActiveCfg = Release|Any CPU
		{5FE61F60-E4C2-4857-8145-4E78342625B7}.Release|Any CPU.Build.0 = Release|Any CPU
	EndGlobalSection
	GlobalSection(SolutionProperties) = preSolution
		HideSolutionNode = FALSE
	EndGlobalSection
	GlobalSection(ExtensibilityGlobals) = postSolution
		SolutionGuid = {088038E1-D807-4CDB-85D1-AFDF64B5950E}
	EndGlobalSection
EndGlobal
