
Microsoft Visual Studio Solution File, Format Version 12.00
# Visual Studio 15
VisualStudioVersion = 15.0.28307.329
MinimumVisualStudioVersion = 10.0.40219.1
Project("{FAE04EC0-301F-11D3-BF4B-00C04F79EFBC}") = "PropertyGridTest3", "PropertyGridTest3\PropertyGridTest3.csproj", "{47B0FD4F-5172-4E46-8275-8502156ED874}"
EndProject
Global
	GlobalSection(SolutionConfigurationPlatforms) = preSolution
		Debug|Any CPU = Debug|Any CPU
		Release|Any CPU = Release|Any CPU
	EndGlobalSection
	GlobalSection(ProjectConfigurationPlatforms) = postSolution
		{47B0FD4F-5172-4E46-8275-8502156ED874}.Debug|Any CPU.ActiveCfg = Debug|Any CPU
		{47B0FD4F-5172-4E46-8275-8502156ED874}.Debug|Any CPU.Build.0 = Debug|Any CPU
		{47B0FD4F-5172-4E46-8275-8502156ED874}.Release|Any CPU.ActiveCfg = Release|Any CPU
		{47B0FD4F-5172-4E46-8275-8502156ED874}.Release|Any CPU.Build.0 = Release|Any CPU
	EndGlobalSection
	GlobalSection(SolutionProperties) = preSolution
		HideSolutionNode = FALSE
	EndGlobalSection
	GlobalSection(ExtensibilityGlobals) = postSolution
		SolutionGuid = {BDECED05-77EB-4188-9EEF-35D7E024AA1A}
	EndGlobalSection
EndGlobal
