
Microsoft Visual Studio Solution File, Format Version 12.00
# Visual Studio 15
VisualStudioVersion = 15.0.27428.2005
MinimumVisualStudioVersion = 10.0.40219.1
Project("{FAE04EC0-301F-11D3-BF4B-00C04F79EFBC}") = "DecoratorPatternTest", "DecoratorPatternTest\DecoratorPatternTest.csproj", "{7CF373F2-6D20-4F3A-93DE-803F76A33D61}"
EndProject
Global
	GlobalSection(SolutionConfigurationPlatforms) = preSolution
		Debug|Any CPU = Debug|Any CPU
		Release|Any CPU = Release|Any CPU
	EndGlobalSection
	GlobalSection(ProjectConfigurationPlatforms) = postSolution
		{7CF373F2-6D20-4F3A-93DE-803F76A33D61}.Debug|Any CPU.ActiveCfg = Debug|Any CPU
		{7CF373F2-6D20-4F3A-93DE-803F76A33D61}.Debug|Any CPU.Build.0 = Debug|Any CPU
		{7CF373F2-6D20-4F3A-93DE-803F76A33D61}.Release|Any CPU.ActiveCfg = Release|Any CPU
		{7CF373F2-6D20-4F3A-93DE-803F76A33D61}.Release|Any CPU.Build.0 = Release|Any CPU
	EndGlobalSection
	GlobalSection(SolutionProperties) = preSolution
		HideSolutionNode = FALSE
	EndGlobalSection
	GlobalSection(ExtensibilityGlobals) = postSolution
		SolutionGuid = {14815108-F207-498F-8B18-47F3C3A7425F}
	EndGlobalSection
EndGlobal
