
Microsoft Visual Studio Solution File, Format Version 12.00
# Visual Studio 15
VisualStudioVersion = 15.0.28307.1209
MinimumVisualStudioVersion = 10.0.40219.1
Project("{FAE04EC0-301F-11D3-BF4B-00C04F79EFBC}") = "CustomDataGridView", "CustomDataGridView\CustomDataGridView.csproj", "{3A85E58F-F9BA-4F87-80A0-9778CB24E16F}"
EndProject
Global
	GlobalSection(SolutionConfigurationPlatforms) = preSolution
		Debug|Any CPU = Debug|Any CPU
		Release|Any CPU = Release|Any CPU
	EndGlobalSection
	GlobalSection(ProjectConfigurationPlatforms) = postSolution
		{3A85E58F-F9BA-4F87-80A0-9778CB24E16F}.Debug|Any CPU.ActiveCfg = Debug|Any CPU
		{3A85E58F-F9BA-4F87-80A0-9778CB24E16F}.Debug|Any CPU.Build.0 = Debug|Any CPU
		{3A85E58F-F9BA-4F87-80A0-9778CB24E16F}.Release|Any CPU.ActiveCfg = Release|Any CPU
		{3A85E58F-F9BA-4F87-80A0-9778CB24E16F}.Release|Any CPU.Build.0 = Release|Any CPU
	EndGlobalSection
	GlobalSection(SolutionProperties) = preSolution
		HideSolutionNode = FALSE
	EndGlobalSection
	GlobalSection(ExtensibilityGlobals) = postSolution
		SolutionGuid = {4B20AED0-7AAB-45F8-91C3-6B343B26D310}
	EndGlobalSection
EndGlobal
