
Microsoft Visual Studio Solution File, Format Version 12.00
# Visual Studio 15
VisualStudioVersion = 15.0.28307.329
MinimumVisualStudioVersion = 10.0.40219.1
Project("{FAE04EC0-301F-11D3-BF4B-00C04F79EFBC}") = "LambdaTest", "LambdaTest\LambdaTest.csproj", "{1A4FBAFD-5C9A-45DB-AA88-5F44C92E23E2}"
EndProject
Global
	GlobalSection(SolutionConfigurationPlatforms) = preSolution
		Debug|Any CPU = Debug|Any CPU
		Release|Any CPU = Release|Any CPU
	EndGlobalSection
	GlobalSection(ProjectConfigurationPlatforms) = postSolution
		{1A4FBAFD-5C9A-45DB-AA88-5F44C92E23E2}.Debug|Any CPU.ActiveCfg = Debug|Any CPU
		{1A4FBAFD-5C9A-45DB-AA88-5F44C92E23E2}.Debug|Any CPU.Build.0 = Debug|Any CPU
		{1A4FBAFD-5C9A-45DB-AA88-5F44C92E23E2}.Release|Any CPU.ActiveCfg = Release|Any CPU
		{1A4FBAFD-5C9A-45DB-AA88-5F44C92E23E2}.Release|Any CPU.Build.0 = Release|Any CPU
	EndGlobalSection
	GlobalSection(SolutionProperties) = preSolution
		HideSolutionNode = FALSE
	EndGlobalSection
	GlobalSection(ExtensibilityGlobals) = postSolution
		SolutionGuid = {B2CBB6BB-2B64-43BC-AB12-ED624CC097C6}
	EndGlobalSection
EndGlobal
