
Microsoft Visual Studio Solution File, Format Version 12.00
# Visual Studio 15
VisualStudioVersion = 15.0.27703.2026
MinimumVisualStudioVersion = 10.0.40219.1
Project("{FAE04EC0-301F-11D3-BF4B-00C04F79EFBC}") = "TaskRunCountControlTest", "TaskRunCountControlTest\TaskRunCountControlTest.csproj", "{48071EE1-868A-46B3-BFA8-BEED7B28271A}"
EndProject
Global
	GlobalSection(SolutionConfigurationPlatforms) = preSolution
		Debug|Any CPU = Debug|Any CPU
		Release|Any CPU = Release|Any CPU
	EndGlobalSection
	GlobalSection(ProjectConfigurationPlatforms) = postSolution
		{48071EE1-868A-46B3-BFA8-BEED7B28271A}.Debug|Any CPU.ActiveCfg = Debug|Any CPU
		{48071EE1-868A-46B3-BFA8-BEED7B28271A}.Debug|Any CPU.Build.0 = Debug|Any CPU
		{48071EE1-868A-46B3-BFA8-BEED7B28271A}.Release|Any CPU.ActiveCfg = Release|Any CPU
		{48071EE1-868A-46B3-BFA8-BEED7B28271A}.Release|Any CPU.Build.0 = Release|Any CPU
	EndGlobalSection
	GlobalSection(SolutionProperties) = preSolution
		HideSolutionNode = FALSE
	EndGlobalSection
	GlobalSection(ExtensibilityGlobals) = postSolution
		SolutionGuid = {C62B8381-8CD3-4522-BC68-7C78DB2D89FF}
	EndGlobalSection
EndGlobal
