
Microsoft Visual Studio Solution File, Format Version 12.00
# Visual Studio 15
VisualStudioVersion = 15.0.27130.2036
MinimumVisualStudioVersion = 10.0.40219.1
Project("{FAE04EC0-301F-11D3-BF4B-00C04F79EFBC}") = "泛型性能测试", "泛型性能测试\泛型性能测试.csproj", "{F24C21A2-28F9-472C-B16D-936A4E569801}"
EndProject
Global
	GlobalSection(SolutionConfigurationPlatforms) = preSolution
		Debug|Any CPU = Debug|Any CPU
		Release|Any CPU = Release|Any CPU
	EndGlobalSection
	GlobalSection(ProjectConfigurationPlatforms) = postSolution
		{F24C21A2-28F9-472C-B16D-936A4E569801}.Debug|Any CPU.ActiveCfg = Debug|Any CPU
		{F24C21A2-28F9-472C-B16D-936A4E569801}.Debug|Any CPU.Build.0 = Debug|Any CPU
		{F24C21A2-28F9-472C-B16D-936A4E569801}.Release|Any CPU.ActiveCfg = Release|Any CPU
		{F24C21A2-28F9-472C-B16D-936A4E569801}.Release|Any CPU.Build.0 = Release|Any CPU
	EndGlobalSection
	GlobalSection(SolutionProperties) = preSolution
		HideSolutionNode = FALSE
	EndGlobalSection
	GlobalSection(ExtensibilityGlobals) = postSolution
		SolutionGuid = {2E5BD688-9A4B-4F97-9A4F-B8AF60E96296}
	EndGlobalSection
EndGlobal
