
Microsoft Visual Studio Solution File, Format Version 12.00
# Visual Studio 15
VisualStudioVersion = 15.0.28307.102
MinimumVisualStudioVersion = 10.0.40219.1
Project("{FAE04EC0-301F-11D3-BF4B-00C04F79EFBC}") = "CustomSerializationTest", "CustomSerializationTest\CustomSerializationTest.csproj", "{849BECFA-CD3D-4FF4-BB24-F043EB755305}"
EndProject
Global
	GlobalSection(SolutionConfigurationPlatforms) = preSolution
		Debug|Any CPU = Debug|Any CPU
		Release|Any CPU = Release|Any CPU
	EndGlobalSection
	GlobalSection(ProjectConfigurationPlatforms) = postSolution
		{849BECFA-CD3D-4FF4-BB24-F043EB755305}.Debug|Any CPU.ActiveCfg = Debug|Any CPU
		{849BECFA-CD3D-4FF4-BB24-F043EB755305}.Debug|Any CPU.Build.0 = Debug|Any CPU
		{849BECFA-CD3D-4FF4-BB24-F043EB755305}.Release|Any CPU.ActiveCfg = Release|Any CPU
		{849BECFA-CD3D-4FF4-BB24-F043EB755305}.Release|Any CPU.Build.0 = Release|Any CPU
	EndGlobalSection
	GlobalSection(SolutionProperties) = preSolution
		HideSolutionNode = FALSE
	EndGlobalSection
	GlobalSection(ExtensibilityGlobals) = postSolution
		SolutionGuid = {BADF70AE-DD36-4A4D-8A6E-C0C1338D8862}
	EndGlobalSection
EndGlobal
